
Microsoft Visual Studio Solution File, Format Version 12.00
# Visual Studio Version 16
VisualStudioVersion = 16.0.28803.156
MinimumVisualStudioVersion = 10.0.40219.1
Project("{9A19103F-16F7-4668-BE54-9A1E7A4F7556}") = "Osma.Mobile.App", "Osma.Mobile.App\Osma.Mobile.App.csproj", "{EC35F9B5-1255-4613-B865-FF7FA07606A6}"
EndProject
Project("{FAE04EC0-301F-11D3-BF4B-00C04F79EFBC}") = "Osma.Mobile.App.Android", "Osma.Mobile.App.Android\Osma.Mobile.App.Android.csproj", "{E85A5F7F-DA7D-417F-A8AE-3138C03121DE}"
EndProject
Project("{FAE04EC0-301F-11D3-BF4B-00C04F79EFBC}") = "Osma.Mobile.App.iOS", "Osma.Mobile.App.iOS\Osma.Mobile.App.iOS.csproj", "{C5E413A2-5D83-4D67-A9B6-9B216E7689F9}"
EndProject
Project("{9A19103F-16F7-4668-BE54-9A1E7A4F7556}") = "Osma.Mobile.App.Services", "Osma.Mobile.App.Services\Osma.Mobile.App.Services.csproj", "{E7FE6690-DC37-46AD-AE52-710028F17034}"
EndProject
Project("{FAE04EC0-301F-11D3-BF4B-00C04F79EFBC}") = "Osma.Mobile.Uwp", "Osma.Mobile.Uwp\Osma.Mobile.Uwp.csproj", "{B97A8C94-E717-4219-985E-26063CAE2F86}"
EndProject
Project("{FAE04EC0-301F-11D3-BF4B-00C04F79EFBC}") = "Osma.Mobile.App.UnitTests", "Osma.Mobile.App.UnitTests\Osma.Mobile.App.UnitTests.csproj", "{A7485FEE-0EBD-4C30-A4F2-ED0E323D6B51}"
EndProject
Global
	GlobalSection(SolutionConfigurationPlatforms) = preSolution
		Ad-Hoc|Any CPU = Ad-Hoc|Any CPU
		Ad-Hoc|ARM = Ad-Hoc|ARM
		Ad-Hoc|ARM64 = Ad-Hoc|ARM64
		Ad-Hoc|iPhone = Ad-Hoc|iPhone
		Ad-Hoc|iPhoneSimulator = Ad-Hoc|iPhoneSimulator
		Ad-Hoc|x64 = Ad-Hoc|x64
		Ad-Hoc|x86 = Ad-Hoc|x86
		AppStore|Any CPU = AppStore|Any CPU
		AppStore|ARM = AppStore|ARM
		AppStore|ARM64 = AppStore|ARM64
		AppStore|iPhone = AppStore|iPhone
		AppStore|iPhoneSimulator = AppStore|iPhoneSimulator
		AppStore|x64 = AppStore|x64
		AppStore|x86 = AppStore|x86
		Debug|Any CPU = Debug|Any CPU
		Debug|ARM = Debug|ARM
		Debug|ARM64 = Debug|ARM64
		Debug|iPhone = Debug|iPhone
		Debug|iPhoneSimulator = Debug|iPhoneSimulator
		Debug|x64 = Debug|x64
		Debug|x86 = Debug|x86
		Gorilla|Any CPU = Gorilla|Any CPU
		Gorilla|ARM = Gorilla|ARM
		Gorilla|ARM64 = Gorilla|ARM64
		Gorilla|iPhone = Gorilla|iPhone
		Gorilla|iPhoneSimulator = Gorilla|iPhoneSimulator
		Gorilla|x64 = Gorilla|x64
		Gorilla|x86 = Gorilla|x86
		Release|Any CPU = Release|Any CPU
		Release|ARM = Release|ARM
		Release|ARM64 = Release|ARM64
		Release|iPhone = Release|iPhone
		Release|iPhoneSimulator = Release|iPhoneSimulator
		Release|x64 = Release|x64
		Release|x86 = Release|x86
	EndGlobalSection
	GlobalSection(ProjectConfigurationPlatforms) = postSolution
		{EC35F9B5-1255-4613-B865-FF7FA07606A6}.Ad-Hoc|Any CPU.ActiveCfg = Debug|Any CPU
		{EC35F9B5-1255-4613-B865-FF7FA07606A6}.Ad-Hoc|Any CPU.Build.0 = Debug|Any CPU
		{EC35F9B5-1255-4613-B865-FF7FA07606A6}.Ad-Hoc|ARM.ActiveCfg = Release|Any CPU
		{EC35F9B5-1255-4613-B865-FF7FA07606A6}.Ad-Hoc|ARM.Build.0 = Release|Any CPU
		{EC35F9B5-1255-4613-B865-FF7FA07606A6}.Ad-Hoc|ARM64.ActiveCfg = Release|Any CPU
		{EC35F9B5-1255-4613-B865-FF7FA07606A6}.Ad-Hoc|ARM64.Build.0 = Release|Any CPU
		{EC35F9B5-1255-4613-B865-FF7FA07606A6}.Ad-Hoc|iPhone.ActiveCfg = Debug|Any CPU
		{EC35F9B5-1255-4613-B865-FF7FA07606A6}.Ad-Hoc|iPhone.Build.0 = Debug|Any CPU
		{EC35F9B5-1255-4613-B865-FF7FA07606A6}.Ad-Hoc|iPhoneSimulator.ActiveCfg = Debug|Any CPU
		{EC35F9B5-1255-4613-B865-FF7FA07606A6}.Ad-Hoc|iPhoneSimulator.Build.0 = Debug|Any CPU
		{EC35F9B5-1255-4613-B865-FF7FA07606A6}.Ad-Hoc|x64.ActiveCfg = Release|Any CPU
		{EC35F9B5-1255-4613-B865-FF7FA07606A6}.Ad-Hoc|x64.Build.0 = Release|Any CPU
		{EC35F9B5-1255-4613-B865-FF7FA07606A6}.Ad-Hoc|x86.ActiveCfg = Release|Any CPU
		{EC35F9B5-1255-4613-B865-FF7FA07606A6}.Ad-Hoc|x86.Build.0 = Release|Any CPU
		{EC35F9B5-1255-4613-B865-FF7FA07606A6}.AppStore|Any CPU.ActiveCfg = Debug|Any CPU
		{EC35F9B5-1255-4613-B865-FF7FA07606A6}.AppStore|Any CPU.Build.0 = Debug|Any CPU
		{EC35F9B5-1255-4613-B865-FF7FA07606A6}.AppStore|ARM.ActiveCfg = Release|Any CPU
		{EC35F9B5-1255-4613-B865-FF7FA07606A6}.AppStore|ARM.Build.0 = Release|Any CPU
		{EC35F9B5-1255-4613-B865-FF7FA07606A6}.AppStore|ARM64.ActiveCfg = Release|Any CPU
		{EC35F9B5-1255-4613-B865-FF7FA07606A6}.AppStore|ARM64.Build.0 = Release|Any CPU
		{EC35F9B5-1255-4613-B865-FF7FA07606A6}.AppStore|iPhone.ActiveCfg = Debug|Any CPU
		{EC35F9B5-1255-4613-B865-FF7FA07606A6}.AppStore|iPhone.Build.0 = Debug|Any CPU
		{EC35F9B5-1255-4613-B865-FF7FA07606A6}.AppStore|iPhoneSimulator.ActiveCfg = Debug|Any CPU
		{EC35F9B5-1255-4613-B865-FF7FA07606A6}.AppStore|iPhoneSimulator.Build.0 = Debug|Any CPU
		{EC35F9B5-1255-4613-B865-FF7FA07606A6}.AppStore|x64.ActiveCfg = Release|Any CPU
		{EC35F9B5-1255-4613-B865-FF7FA07606A6}.AppStore|x64.Build.0 = Release|Any CPU
		{EC35F9B5-1255-4613-B865-FF7FA07606A6}.AppStore|x86.ActiveCfg = Release|Any CPU
		{EC35F9B5-1255-4613-B865-FF7FA07606A6}.AppStore|x86.Build.0 = Release|Any CPU
		{EC35F9B5-1255-4613-B865-FF7FA07606A6}.Debug|Any CPU.ActiveCfg = Debug|Any CPU
		{EC35F9B5-1255-4613-B865-FF7FA07606A6}.Debug|Any CPU.Build.0 = Debug|Any CPU
		{EC35F9B5-1255-4613-B865-FF7FA07606A6}.Debug|ARM.ActiveCfg = Debug|Any CPU
		{EC35F9B5-1255-4613-B865-FF7FA07606A6}.Debug|ARM.Build.0 = Debug|Any CPU
		{EC35F9B5-1255-4613-B865-FF7FA07606A6}.Debug|ARM64.ActiveCfg = Debug|Any CPU
		{EC35F9B5-1255-4613-B865-FF7FA07606A6}.Debug|ARM64.Build.0 = Debug|Any CPU
		{EC35F9B5-1255-4613-B865-FF7FA07606A6}.Debug|iPhone.ActiveCfg = Debug|Any CPU
		{EC35F9B5-1255-4613-B865-FF7FA07606A6}.Debug|iPhone.Build.0 = Debug|Any CPU
		{EC35F9B5-1255-4613-B865-FF7FA07606A6}.Debug|iPhoneSimulator.ActiveCfg = Debug|Any CPU
		{EC35F9B5-1255-4613-B865-FF7FA07606A6}.Debug|iPhoneSimulator.Build.0 = Debug|Any CPU
		{EC35F9B5-1255-4613-B865-FF7FA07606A6}.Debug|x64.ActiveCfg = Debug|Any CPU
		{EC35F9B5-1255-4613-B865-FF7FA07606A6}.Debug|x64.Build.0 = Debug|Any CPU
		{EC35F9B5-1255-4613-B865-FF7FA07606A6}.Debug|x86.ActiveCfg = Debug|Any CPU
		{EC35F9B5-1255-4613-B865-FF7FA07606A6}.Debug|x86.Build.0 = Debug|Any CPU
		{EC35F9B5-1255-4613-B865-FF7FA07606A6}.Gorilla|Any CPU.ActiveCfg = Gorilla|Any CPU
		{EC35F9B5-1255-4613-B865-FF7FA07606A6}.Gorilla|Any CPU.Build.0 = Gorilla|Any CPU
		{EC35F9B5-1255-4613-B865-FF7FA07606A6}.Gorilla|ARM.ActiveCfg = Gorilla|Any CPU
		{EC35F9B5-1255-4613-B865-FF7FA07606A6}.Gorilla|ARM.Build.0 = Gorilla|Any CPU
		{EC35F9B5-1255-4613-B865-FF7FA07606A6}.Gorilla|ARM64.ActiveCfg = Gorilla|Any CPU
		{EC35F9B5-1255-4613-B865-FF7FA07606A6}.Gorilla|ARM64.Build.0 = Gorilla|Any CPU
		{EC35F9B5-1255-4613-B865-FF7FA07606A6}.Gorilla|iPhone.ActiveCfg = Gorilla|Any CPU
		{EC35F9B5-1255-4613-B865-FF7FA07606A6}.Gorilla|iPhone.Build.0 = Gorilla|Any CPU
		{EC35F9B5-1255-4613-B865-FF7FA07606A6}.Gorilla|iPhoneSimulator.ActiveCfg = Gorilla|Any CPU
		{EC35F9B5-1255-4613-B865-FF7FA07606A6}.Gorilla|iPhoneSimulator.Build.0 = Gorilla|Any CPU
		{EC35F9B5-1255-4613-B865-FF7FA07606A6}.Gorilla|x64.ActiveCfg = Gorilla|Any CPU
		{EC35F9B5-1255-4613-B865-FF7FA07606A6}.Gorilla|x64.Build.0 = Gorilla|Any CPU
		{EC35F9B5-1255-4613-B865-FF7FA07606A6}.Gorilla|x86.ActiveCfg = Gorilla|Any CPU
		{EC35F9B5-1255-4613-B865-FF7FA07606A6}.Gorilla|x86.Build.0 = Gorilla|Any CPU
		{EC35F9B5-1255-4613-B865-FF7FA07606A6}.Release|Any CPU.ActiveCfg = Release|Any CPU
		{EC35F9B5-1255-4613-B865-FF7FA07606A6}.Release|Any CPU.Build.0 = Release|Any CPU
		{EC35F9B5-1255-4613-B865-FF7FA07606A6}.Release|ARM.ActiveCfg = Release|Any CPU
		{EC35F9B5-1255-4613-B865-FF7FA07606A6}.Release|ARM.Build.0 = Release|Any CPU
		{EC35F9B5-1255-4613-B865-FF7FA07606A6}.Release|ARM64.ActiveCfg = Release|Any CPU
		{EC35F9B5-1255-4613-B865-FF7FA07606A6}.Release|ARM64.Build.0 = Release|Any CPU
		{EC35F9B5-1255-4613-B865-FF7FA07606A6}.Release|iPhone.ActiveCfg = Release|Any CPU
		{EC35F9B5-1255-4613-B865-FF7FA07606A6}.Release|iPhone.Build.0 = Release|Any CPU
		{EC35F9B5-1255-4613-B865-FF7FA07606A6}.Release|iPhoneSimulator.ActiveCfg = Release|Any CPU
		{EC35F9B5-1255-4613-B865-FF7FA07606A6}.Release|iPhoneSimulator.Build.0 = Release|Any CPU
		{EC35F9B5-1255-4613-B865-FF7FA07606A6}.Release|x64.ActiveCfg = Release|Any CPU
		{EC35F9B5-1255-4613-B865-FF7FA07606A6}.Release|x64.Build.0 = Release|Any CPU
		{EC35F9B5-1255-4613-B865-FF7FA07606A6}.Release|x86.ActiveCfg = Release|Any CPU
		{EC35F9B5-1255-4613-B865-FF7FA07606A6}.Release|x86.Build.0 = Release|Any CPU
		{E85A5F7F-DA7D-417F-A8AE-3138C03121DE}.Ad-Hoc|Any CPU.ActiveCfg = Gorilla|Any CPU
		{E85A5F7F-DA7D-417F-A8AE-3138C03121DE}.Ad-Hoc|Any CPU.Build.0 = Gorilla|Any CPU
		{E85A5F7F-DA7D-417F-A8AE-3138C03121DE}.Ad-Hoc|Any CPU.Deploy.0 = Gorilla|Any CPU
		{E85A5F7F-DA7D-417F-A8AE-3138C03121DE}.Ad-Hoc|ARM.ActiveCfg = Release|Any CPU
		{E85A5F7F-DA7D-417F-A8AE-3138C03121DE}.Ad-Hoc|ARM.Build.0 = Release|Any CPU
		{E85A5F7F-DA7D-417F-A8AE-3138C03121DE}.Ad-Hoc|ARM.Deploy.0 = Release|Any CPU
		{E85A5F7F-DA7D-417F-A8AE-3138C03121DE}.Ad-Hoc|ARM64.ActiveCfg = Release|Any CPU
		{E85A5F7F-DA7D-417F-A8AE-3138C03121DE}.Ad-Hoc|ARM64.Build.0 = Release|Any CPU
		{E85A5F7F-DA7D-417F-A8AE-3138C03121DE}.Ad-Hoc|ARM64.Deploy.0 = Release|Any CPU
		{E85A5F7F-DA7D-417F-A8AE-3138C03121DE}.Ad-Hoc|iPhone.ActiveCfg = Gorilla|Any CPU
		{E85A5F7F-DA7D-417F-A8AE-3138C03121DE}.Ad-Hoc|iPhoneSimulator.ActiveCfg = Gorilla|Any CPU
		{E85A5F7F-DA7D-417F-A8AE-3138C03121DE}.Ad-Hoc|iPhoneSimulator.Build.0 = Gorilla|Any CPU
		{E85A5F7F-DA7D-417F-A8AE-3138C03121DE}.Ad-Hoc|iPhoneSimulator.Deploy.0 = Gorilla|Any CPU
		{E85A5F7F-DA7D-417F-A8AE-3138C03121DE}.Ad-Hoc|x64.ActiveCfg = Release|Any CPU
		{E85A5F7F-DA7D-417F-A8AE-3138C03121DE}.Ad-Hoc|x64.Build.0 = Release|Any CPU
		{E85A5F7F-DA7D-417F-A8AE-3138C03121DE}.Ad-Hoc|x64.Deploy.0 = Release|Any CPU
		{E85A5F7F-DA7D-417F-A8AE-3138C03121DE}.Ad-Hoc|x86.ActiveCfg = Release|Any CPU
		{E85A5F7F-DA7D-417F-A8AE-3138C03121DE}.Ad-Hoc|x86.Build.0 = Release|Any CPU
		{E85A5F7F-DA7D-417F-A8AE-3138C03121DE}.Ad-Hoc|x86.Deploy.0 = Release|Any CPU
		{E85A5F7F-DA7D-417F-A8AE-3138C03121DE}.AppStore|Any CPU.ActiveCfg = Gorilla|Any CPU
		{E85A5F7F-DA7D-417F-A8AE-3138C03121DE}.AppStore|Any CPU.Build.0 = Gorilla|Any CPU
		{E85A5F7F-DA7D-417F-A8AE-3138C03121DE}.AppStore|Any CPU.Deploy.0 = Gorilla|Any CPU
		{E85A5F7F-DA7D-417F-A8AE-3138C03121DE}.AppStore|ARM.ActiveCfg = Release|Any CPU
		{E85A5F7F-DA7D-417F-A8AE-3138C03121DE}.AppStore|ARM.Build.0 = Release|Any CPU
		{E85A5F7F-DA7D-417F-A8AE-3138C03121DE}.AppStore|ARM.Deploy.0 = Release|Any CPU
		{E85A5F7F-DA7D-417F-A8AE-3138C03121DE}.AppStore|ARM64.ActiveCfg = Release|Any CPU
		{E85A5F7F-DA7D-417F-A8AE-3138C03121DE}.AppStore|ARM64.Build.0 = Release|Any CPU
		{E85A5F7F-DA7D-417F-A8AE-3138C03121DE}.AppStore|ARM64.Deploy.0 = Release|Any CPU
		{E85A5F7F-DA7D-417F-A8AE-3138C03121DE}.AppStore|iPhone.ActiveCfg = Gorilla|Any CPU
		{E85A5F7F-DA7D-417F-A8AE-3138C03121DE}.AppStore|iPhone.Build.0 = Gorilla|Any CPU
		{E85A5F7F-DA7D-417F-A8AE-3138C03121DE}.AppStore|iPhone.Deploy.0 = Gorilla|Any CPU
		{E85A5F7F-DA7D-417F-A8AE-3138C03121DE}.AppStore|iPhoneSimulator.ActiveCfg = Gorilla|Any CPU
		{E85A5F7F-DA7D-417F-A8AE-3138C03121DE}.AppStore|iPhoneSimulator.Build.0 = Gorilla|Any CPU
		{E85A5F7F-DA7D-417F-A8AE-3138C03121DE}.AppStore|iPhoneSimulator.Deploy.0 = Gorilla|Any CPU
		{E85A5F7F-DA7D-417F-A8AE-3138C03121DE}.AppStore|x64.ActiveCfg = Release|Any CPU
		{E85A5F7F-DA7D-417F-A8AE-3138C03121DE}.AppStore|x64.Build.0 = Release|Any CPU
		{E85A5F7F-DA7D-417F-A8AE-3138C03121DE}.AppStore|x64.Deploy.0 = Release|Any CPU
		{E85A5F7F-DA7D-417F-A8AE-3138C03121DE}.AppStore|x86.ActiveCfg = Release|Any CPU
		{E85A5F7F-DA7D-417F-A8AE-3138C03121DE}.AppStore|x86.Build.0 = Release|Any CPU
		{E85A5F7F-DA7D-417F-A8AE-3138C03121DE}.AppStore|x86.Deploy.0 = Release|Any CPU
		{E85A5F7F-DA7D-417F-A8AE-3138C03121DE}.Debug|Any CPU.ActiveCfg = Debug|Any CPU
		{E85A5F7F-DA7D-417F-A8AE-3138C03121DE}.Debug|Any CPU.Build.0 = Debug|Any CPU
		{E85A5F7F-DA7D-417F-A8AE-3138C03121DE}.Debug|Any CPU.Deploy.0 = Debug|Any CPU
		{E85A5F7F-DA7D-417F-A8AE-3138C03121DE}.Debug|ARM.ActiveCfg = Debug|Any CPU
		{E85A5F7F-DA7D-417F-A8AE-3138C03121DE}.Debug|ARM.Build.0 = Debug|Any CPU
		{E85A5F7F-DA7D-417F-A8AE-3138C03121DE}.Debug|ARM.Deploy.0 = Debug|Any CPU
		{E85A5F7F-DA7D-417F-A8AE-3138C03121DE}.Debug|ARM64.ActiveCfg = Debug|Any CPU
		{E85A5F7F-DA7D-417F-A8AE-3138C03121DE}.Debug|ARM64.Build.0 = Debug|Any CPU
		{E85A5F7F-DA7D-417F-A8AE-3138C03121DE}.Debug|ARM64.Deploy.0 = Debug|Any CPU
		{E85A5F7F-DA7D-417F-A8AE-3138C03121DE}.Debug|iPhone.ActiveCfg = Debug|Any CPU
		{E85A5F7F-DA7D-417F-A8AE-3138C03121DE}.Debug|iPhone.Build.0 = Debug|Any CPU
		{E85A5F7F-DA7D-417F-A8AE-3138C03121DE}.Debug|iPhone.Deploy.0 = Debug|Any CPU
		{E85A5F7F-DA7D-417F-A8AE-3138C03121DE}.Debug|iPhoneSimulator.ActiveCfg = Debug|Any CPU
		{E85A5F7F-DA7D-417F-A8AE-3138C03121DE}.Debug|iPhoneSimulator.Build.0 = Debug|Any CPU
		{E85A5F7F-DA7D-417F-A8AE-3138C03121DE}.Debug|iPhoneSimulator.Deploy.0 = Debug|Any CPU
		{E85A5F7F-DA7D-417F-A8AE-3138C03121DE}.Debug|x64.ActiveCfg = Debug|Any CPU
		{E85A5F7F-DA7D-417F-A8AE-3138C03121DE}.Debug|x64.Build.0 = Debug|Any CPU
		{E85A5F7F-DA7D-417F-A8AE-3138C03121DE}.Debug|x64.Deploy.0 = Debug|Any CPU
		{E85A5F7F-DA7D-417F-A8AE-3138C03121DE}.Debug|x86.ActiveCfg = Debug|Any CPU
		{E85A5F7F-DA7D-417F-A8AE-3138C03121DE}.Debug|x86.Build.0 = Debug|Any CPU
		{E85A5F7F-DA7D-417F-A8AE-3138C03121DE}.Debug|x86.Deploy.0 = Debug|Any CPU
		{E85A5F7F-DA7D-417F-A8AE-3138C03121DE}.Gorilla|Any CPU.ActiveCfg = Gorilla|Any CPU
		{E85A5F7F-DA7D-417F-A8AE-3138C03121DE}.Gorilla|Any CPU.Build.0 = Gorilla|Any CPU
		{E85A5F7F-DA7D-417F-A8AE-3138C03121DE}.Gorilla|Any CPU.Deploy.0 = Gorilla|Any CPU
		{E85A5F7F-DA7D-417F-A8AE-3138C03121DE}.Gorilla|ARM.ActiveCfg = Gorilla|Any CPU
		{E85A5F7F-DA7D-417F-A8AE-3138C03121DE}.Gorilla|ARM.Build.0 = Gorilla|Any CPU
		{E85A5F7F-DA7D-417F-A8AE-3138C03121DE}.Gorilla|ARM.Deploy.0 = Gorilla|Any CPU
		{E85A5F7F-DA7D-417F-A8AE-3138C03121DE}.Gorilla|ARM64.ActiveCfg = Gorilla|Any CPU
		{E85A5F7F-DA7D-417F-A8AE-3138C03121DE}.Gorilla|ARM64.Build.0 = Gorilla|Any CPU
		{E85A5F7F-DA7D-417F-A8AE-3138C03121DE}.Gorilla|ARM64.Deploy.0 = Gorilla|Any CPU
		{E85A5F7F-DA7D-417F-A8AE-3138C03121DE}.Gorilla|iPhone.ActiveCfg = Gorilla|Any CPU
		{E85A5F7F-DA7D-417F-A8AE-3138C03121DE}.Gorilla|iPhone.Build.0 = Gorilla|Any CPU
		{E85A5F7F-DA7D-417F-A8AE-3138C03121DE}.Gorilla|iPhone.Deploy.0 = Gorilla|Any CPU
		{E85A5F7F-DA7D-417F-A8AE-3138C03121DE}.Gorilla|iPhoneSimulator.ActiveCfg = Gorilla|Any CPU
		{E85A5F7F-DA7D-417F-A8AE-3138C03121DE}.Gorilla|iPhoneSimulator.Build.0 = Gorilla|Any CPU
		{E85A5F7F-DA7D-417F-A8AE-3138C03121DE}.Gorilla|iPhoneSimulator.Deploy.0 = Gorilla|Any CPU
		{E85A5F7F-DA7D-417F-A8AE-3138C03121DE}.Gorilla|x64.ActiveCfg = Gorilla|Any CPU
		{E85A5F7F-DA7D-417F-A8AE-3138C03121DE}.Gorilla|x64.Build.0 = Gorilla|Any CPU
		{E85A5F7F-DA7D-417F-A8AE-3138C03121DE}.Gorilla|x64.Deploy.0 = Gorilla|Any CPU
		{E85A5F7F-DA7D-417F-A8AE-3138C03121DE}.Gorilla|x86.ActiveCfg = Gorilla|Any CPU
		{E85A5F7F-DA7D-417F-A8AE-3138C03121DE}.Gorilla|x86.Build.0 = Gorilla|Any CPU
		{E85A5F7F-DA7D-417F-A8AE-3138C03121DE}.Gorilla|x86.Deploy.0 = Gorilla|Any CPU
		{E85A5F7F-DA7D-417F-A8AE-3138C03121DE}.Release|Any CPU.ActiveCfg = Release|Any CPU
		{E85A5F7F-DA7D-417F-A8AE-3138C03121DE}.Release|Any CPU.Build.0 = Release|Any CPU
		{E85A5F7F-DA7D-417F-A8AE-3138C03121DE}.Release|Any CPU.Deploy.0 = Release|Any CPU
		{E85A5F7F-DA7D-417F-A8AE-3138C03121DE}.Release|ARM.ActiveCfg = Release|Any CPU
		{E85A5F7F-DA7D-417F-A8AE-3138C03121DE}.Release|ARM.Build.0 = Release|Any CPU
		{E85A5F7F-DA7D-417F-A8AE-3138C03121DE}.Release|ARM.Deploy.0 = Release|Any CPU
		{E85A5F7F-DA7D-417F-A8AE-3138C03121DE}.Release|ARM64.ActiveCfg = Release|Any CPU
		{E85A5F7F-DA7D-417F-A8AE-3138C03121DE}.Release|ARM64.Build.0 = Release|Any CPU
		{E85A5F7F-DA7D-417F-A8AE-3138C03121DE}.Release|ARM64.Deploy.0 = Release|Any CPU
		{E85A5F7F-DA7D-417F-A8AE-3138C03121DE}.Release|iPhone.ActiveCfg = Release|Any CPU
		{E85A5F7F-DA7D-417F-A8AE-3138C03121DE}.Release|iPhone.Build.0 = Release|Any CPU
		{E85A5F7F-DA7D-417F-A8AE-3138C03121DE}.Release|iPhone.Deploy.0 = Release|Any CPU
		{E85A5F7F-DA7D-417F-A8AE-3138C03121DE}.Release|iPhoneSimulator.ActiveCfg = Release|Any CPU
		{E85A5F7F-DA7D-417F-A8AE-3138C03121DE}.Release|iPhoneSimulator.Build.0 = Release|Any CPU
		{E85A5F7F-DA7D-417F-A8AE-3138C03121DE}.Release|iPhoneSimulator.Deploy.0 = Release|Any CPU
		{E85A5F7F-DA7D-417F-A8AE-3138C03121DE}.Release|x64.ActiveCfg = Release|Any CPU
		{E85A5F7F-DA7D-417F-A8AE-3138C03121DE}.Release|x64.Build.0 = Release|Any CPU
		{E85A5F7F-DA7D-417F-A8AE-3138C03121DE}.Release|x64.Deploy.0 = Release|Any CPU
		{E85A5F7F-DA7D-417F-A8AE-3138C03121DE}.Release|x86.ActiveCfg = Release|Any CPU
		{E85A5F7F-DA7D-417F-A8AE-3138C03121DE}.Release|x86.Build.0 = Release|Any CPU
		{E85A5F7F-DA7D-417F-A8AE-3138C03121DE}.Release|x86.Deploy.0 = Release|Any CPU
		{C5E413A2-5D83-4D67-A9B6-9B216E7689F9}.Ad-Hoc|Any CPU.ActiveCfg = Ad-Hoc|iPhone
		{C5E413A2-5D83-4D67-A9B6-9B216E7689F9}.Ad-Hoc|ARM.ActiveCfg = Ad-Hoc|iPhoneSimulator
		{C5E413A2-5D83-4D67-A9B6-9B216E7689F9}.Ad-Hoc|ARM64.ActiveCfg = Ad-Hoc|iPhoneSimulator
		{C5E413A2-5D83-4D67-A9B6-9B216E7689F9}.Ad-Hoc|iPhone.ActiveCfg = Ad-Hoc|iPhone
		{C5E413A2-5D83-4D67-A9B6-9B216E7689F9}.Ad-Hoc|iPhone.Build.0 = Ad-Hoc|iPhone
		{C5E413A2-5D83-4D67-A9B6-9B216E7689F9}.Ad-Hoc|iPhoneSimulator.ActiveCfg = Ad-Hoc|iPhoneSimulator
		{C5E413A2-5D83-4D67-A9B6-9B216E7689F9}.Ad-Hoc|iPhoneSimulator.Build.0 = Ad-Hoc|iPhoneSimulator
		{C5E413A2-5D83-4D67-A9B6-9B216E7689F9}.Ad-Hoc|x64.ActiveCfg = Ad-Hoc|iPhoneSimulator
		{C5E413A2-5D83-4D67-A9B6-9B216E7689F9}.Ad-Hoc|x86.ActiveCfg = Ad-Hoc|iPhoneSimulator
		{C5E413A2-5D83-4D67-A9B6-9B216E7689F9}.AppStore|Any CPU.ActiveCfg = AppStore|iPhone
		{C5E413A2-5D83-4D67-A9B6-9B216E7689F9}.AppStore|ARM.ActiveCfg = AppStore|iPhoneSimulator
		{C5E413A2-5D83-4D67-A9B6-9B216E7689F9}.AppStore|ARM64.ActiveCfg = AppStore|iPhoneSimulator
		{C5E413A2-5D83-4D67-A9B6-9B216E7689F9}.AppStore|iPhone.ActiveCfg = AppStore|iPhone
		{C5E413A2-5D83-4D67-A9B6-9B216E7689F9}.AppStore|iPhone.Build.0 = AppStore|iPhone
		{C5E413A2-5D83-4D67-A9B6-9B216E7689F9}.AppStore|iPhoneSimulator.ActiveCfg = AppStore|iPhoneSimulator
		{C5E413A2-5D83-4D67-A9B6-9B216E7689F9}.AppStore|iPhoneSimulator.Build.0 = AppStore|iPhoneSimulator
		{C5E413A2-5D83-4D67-A9B6-9B216E7689F9}.AppStore|x64.ActiveCfg = AppStore|iPhoneSimulator
		{C5E413A2-5D83-4D67-A9B6-9B216E7689F9}.AppStore|x86.ActiveCfg = AppStore|iPhoneSimulator
		{C5E413A2-5D83-4D67-A9B6-9B216E7689F9}.Debug|Any CPU.ActiveCfg = Debug|iPhone
		{C5E413A2-5D83-4D67-A9B6-9B216E7689F9}.Debug|Any CPU.Build.0 = Debug|iPhone
		{C5E413A2-5D83-4D67-A9B6-9B216E7689F9}.Debug|ARM.ActiveCfg = Debug|iPhoneSimulator
		{C5E413A2-5D83-4D67-A9B6-9B216E7689F9}.Debug|ARM64.ActiveCfg = Debug|iPhoneSimulator
		{C5E413A2-5D83-4D67-A9B6-9B216E7689F9}.Debug|iPhone.ActiveCfg = Debug|iPhone
		{C5E413A2-5D83-4D67-A9B6-9B216E7689F9}.Debug|iPhone.Build.0 = Debug|iPhone
		{C5E413A2-5D83-4D67-A9B6-9B216E7689F9}.Debug|iPhone.Deploy.0 = Debug|iPhone
		{C5E413A2-5D83-4D67-A9B6-9B216E7689F9}.Debug|iPhoneSimulator.ActiveCfg = Debug|iPhoneSimulator
		{C5E413A2-5D83-4D67-A9B6-9B216E7689F9}.Debug|iPhoneSimulator.Build.0 = Debug|iPhoneSimulator
		{C5E413A2-5D83-4D67-A9B6-9B216E7689F9}.Debug|x64.ActiveCfg = Debug|iPhoneSimulator
		{C5E413A2-5D83-4D67-A9B6-9B216E7689F9}.Debug|x86.ActiveCfg = Debug|iPhoneSimulator
		{C5E413A2-5D83-4D67-A9B6-9B216E7689F9}.Gorilla|Any CPU.ActiveCfg = Gorilla|iPhone
		{C5E413A2-5D83-4D67-A9B6-9B216E7689F9}.Gorilla|ARM.ActiveCfg = Gorilla|iPhoneSimulator
		{C5E413A2-5D83-4D67-A9B6-9B216E7689F9}.Gorilla|ARM64.ActiveCfg = Gorilla|iPhoneSimulator
		{C5E413A2-5D83-4D67-A9B6-9B216E7689F9}.Gorilla|iPhone.ActiveCfg = Gorilla|iPhone
		{C5E413A2-5D83-4D67-A9B6-9B216E7689F9}.Gorilla|iPhone.Build.0 = Gorilla|iPhone
		{C5E413A2-5D83-4D67-A9B6-9B216E7689F9}.Gorilla|iPhoneSimulator.ActiveCfg = Gorilla|iPhoneSimulator
		{C5E413A2-5D83-4D67-A9B6-9B216E7689F9}.Gorilla|iPhoneSimulator.Build.0 = Gorilla|iPhoneSimulator
		{C5E413A2-5D83-4D67-A9B6-9B216E7689F9}.Gorilla|x64.ActiveCfg = Gorilla|iPhoneSimulator
		{C5E413A2-5D83-4D67-A9B6-9B216E7689F9}.Gorilla|x86.ActiveCfg = Gorilla|iPhoneSimulator
		{C5E413A2-5D83-4D67-A9B6-9B216E7689F9}.Release|Any CPU.ActiveCfg = Release|iPhone
		{C5E413A2-5D83-4D67-A9B6-9B216E7689F9}.Release|ARM.ActiveCfg = Release|iPhoneSimulator
		{C5E413A2-5D83-4D67-A9B6-9B216E7689F9}.Release|ARM64.ActiveCfg = Release|iPhoneSimulator
		{C5E413A2-5D83-4D67-A9B6-9B216E7689F9}.Release|iPhone.ActiveCfg = Release|iPhone
		{C5E413A2-5D83-4D67-A9B6-9B216E7689F9}.Release|iPhone.Build.0 = Release|iPhone
		{C5E413A2-5D83-4D67-A9B6-9B216E7689F9}.Release|iPhoneSimulator.ActiveCfg = Release|iPhoneSimulator
		{C5E413A2-5D83-4D67-A9B6-9B216E7689F9}.Release|iPhoneSimulator.Build.0 = Release|iPhoneSimulator
		{C5E413A2-5D83-4D67-A9B6-9B216E7689F9}.Release|x64.ActiveCfg = Release|iPhoneSimulator
		{C5E413A2-5D83-4D67-A9B6-9B216E7689F9}.Release|x86.ActiveCfg = Release|iPhoneSimulator
		{E7FE6690-DC37-46AD-AE52-710028F17034}.Ad-Hoc|Any CPU.ActiveCfg = Debug|Any CPU
		{E7FE6690-DC37-46AD-AE52-710028F17034}.Ad-Hoc|Any CPU.Build.0 = Debug|Any CPU
		{E7FE6690-DC37-46AD-AE52-710028F17034}.Ad-Hoc|ARM.ActiveCfg = Release|Any CPU
		{E7FE6690-DC37-46AD-AE52-710028F17034}.Ad-Hoc|ARM.Build.0 = Release|Any CPU
		{E7FE6690-DC37-46AD-AE52-710028F17034}.Ad-Hoc|ARM64.ActiveCfg = Release|Any CPU
		{E7FE6690-DC37-46AD-AE52-710028F17034}.Ad-Hoc|ARM64.Build.0 = Release|Any CPU
		{E7FE6690-DC37-46AD-AE52-710028F17034}.Ad-Hoc|iPhone.ActiveCfg = Debug|Any CPU
		{E7FE6690-DC37-46AD-AE52-710028F17034}.Ad-Hoc|iPhone.Build.0 = Debug|Any CPU
		{E7FE6690-DC37-46AD-AE52-710028F17034}.Ad-Hoc|iPhoneSimulator.ActiveCfg = Debug|Any CPU
		{E7FE6690-DC37-46AD-AE52-710028F17034}.Ad-Hoc|iPhoneSimulator.Build.0 = Debug|Any CPU
		{E7FE6690-DC37-46AD-AE52-710028F17034}.Ad-Hoc|x64.ActiveCfg = Release|Any CPU
		{E7FE6690-DC37-46AD-AE52-710028F17034}.Ad-Hoc|x64.Build.0 = Release|Any CPU
		{E7FE6690-DC37-46AD-AE52-710028F17034}.Ad-Hoc|x86.ActiveCfg = Release|Any CPU
		{E7FE6690-DC37-46AD-AE52-710028F17034}.Ad-Hoc|x86.Build.0 = Release|Any CPU
		{E7FE6690-DC37-46AD-AE52-710028F17034}.AppStore|Any CPU.ActiveCfg = Debug|Any CPU
		{E7FE6690-DC37-46AD-AE52-710028F17034}.AppStore|Any CPU.Build.0 = Debug|Any CPU
		{E7FE6690-DC37-46AD-AE52-710028F17034}.AppStore|ARM.ActiveCfg = Release|Any CPU
		{E7FE6690-DC37-46AD-AE52-710028F17034}.AppStore|ARM.Build.0 = Release|Any CPU
		{E7FE6690-DC37-46AD-AE52-710028F17034}.AppStore|ARM64.ActiveCfg = Release|Any CPU
		{E7FE6690-DC37-46AD-AE52-710028F17034}.AppStore|ARM64.Build.0 = Release|Any CPU
		{E7FE6690-DC37-46AD-AE52-710028F17034}.AppStore|iPhone.ActiveCfg = Debug|Any CPU
		{E7FE6690-DC37-46AD-AE52-710028F17034}.AppStore|iPhone.Build.0 = Debug|Any CPU
		{E7FE6690-DC37-46AD-AE52-710028F17034}.AppStore|iPhoneSimulator.ActiveCfg = Debug|Any CPU
		{E7FE6690-DC37-46AD-AE52-710028F17034}.AppStore|iPhoneSimulator.Build.0 = Debug|Any CPU
		{E7FE6690-DC37-46AD-AE52-710028F17034}.AppStore|x64.ActiveCfg = Release|Any CPU
		{E7FE6690-DC37-46AD-AE52-710028F17034}.AppStore|x64.Build.0 = Release|Any CPU
		{E7FE6690-DC37-46AD-AE52-710028F17034}.AppStore|x86.ActiveCfg = Release|Any CPU
		{E7FE6690-DC37-46AD-AE52-710028F17034}.AppStore|x86.Build.0 = Release|Any CPU
		{E7FE6690-DC37-46AD-AE52-710028F17034}.Debug|Any CPU.ActiveCfg = Debug|Any CPU
		{E7FE6690-DC37-46AD-AE52-710028F17034}.Debug|Any CPU.Build.0 = Debug|Any CPU
		{E7FE6690-DC37-46AD-AE52-710028F17034}.Debug|ARM.ActiveCfg = Debug|Any CPU
		{E7FE6690-DC37-46AD-AE52-710028F17034}.Debug|ARM.Build.0 = Debug|Any CPU
		{E7FE6690-DC37-46AD-AE52-710028F17034}.Debug|ARM64.ActiveCfg = Debug|Any CPU
		{E7FE6690-DC37-46AD-AE52-710028F17034}.Debug|ARM64.Build.0 = Debug|Any CPU
		{E7FE6690-DC37-46AD-AE52-710028F17034}.Debug|iPhone.ActiveCfg = Debug|Any CPU
		{E7FE6690-DC37-46AD-AE52-710028F17034}.Debug|iPhone.Build.0 = Debug|Any CPU
		{E7FE6690-DC37-46AD-AE52-710028F17034}.Debug|iPhoneSimulator.ActiveCfg = Debug|Any CPU
		{E7FE6690-DC37-46AD-AE52-710028F17034}.Debug|iPhoneSimulator.Build.0 = Debug|Any CPU
		{E7FE6690-DC37-46AD-AE52-710028F17034}.Debug|x64.ActiveCfg = Debug|Any CPU
		{E7FE6690-DC37-46AD-AE52-710028F17034}.Debug|x64.Build.0 = Debug|Any CPU
		{E7FE6690-DC37-46AD-AE52-710028F17034}.Debug|x86.ActiveCfg = Debug|Any CPU
		{E7FE6690-DC37-46AD-AE52-710028F17034}.Debug|x86.Build.0 = Debug|Any CPU
		{E7FE6690-DC37-46AD-AE52-710028F17034}.Gorilla|Any CPU.ActiveCfg = Gorilla|Any CPU
		{E7FE6690-DC37-46AD-AE52-710028F17034}.Gorilla|Any CPU.Build.0 = Gorilla|Any CPU
		{E7FE6690-DC37-46AD-AE52-710028F17034}.Gorilla|ARM.ActiveCfg = Gorilla|Any CPU
		{E7FE6690-DC37-46AD-AE52-710028F17034}.Gorilla|ARM.Build.0 = Gorilla|Any CPU
		{E7FE6690-DC37-46AD-AE52-710028F17034}.Gorilla|ARM64.ActiveCfg = Gorilla|Any CPU
		{E7FE6690-DC37-46AD-AE52-710028F17034}.Gorilla|ARM64.Build.0 = Gorilla|Any CPU
		{E7FE6690-DC37-46AD-AE52-710028F17034}.Gorilla|iPhone.ActiveCfg = Gorilla|Any CPU
		{E7FE6690-DC37-46AD-AE52-710028F17034}.Gorilla|iPhone.Build.0 = Gorilla|Any CPU
		{E7FE6690-DC37-46AD-AE52-710028F17034}.Gorilla|iPhoneSimulator.ActiveCfg = Gorilla|Any CPU
		{E7FE6690-DC37-46AD-AE52-710028F17034}.Gorilla|iPhoneSimulator.Build.0 = Gorilla|Any CPU
		{E7FE6690-DC37-46AD-AE52-710028F17034}.Gorilla|x64.ActiveCfg = Gorilla|Any CPU
		{E7FE6690-DC37-46AD-AE52-710028F17034}.Gorilla|x64.Build.0 = Gorilla|Any CPU
		{E7FE6690-DC37-46AD-AE52-710028F17034}.Gorilla|x86.ActiveCfg = Gorilla|Any CPU
		{E7FE6690-DC37-46AD-AE52-710028F17034}.Gorilla|x86.Build.0 = Gorilla|Any CPU
		{E7FE6690-DC37-46AD-AE52-710028F17034}.Release|Any CPU.ActiveCfg = Release|Any CPU
		{E7FE6690-DC37-46AD-AE52-710028F17034}.Release|Any CPU.Build.0 = Release|Any CPU
		{E7FE6690-DC37-46AD-AE52-710028F17034}.Release|ARM.ActiveCfg = Release|Any CPU
		{E7FE6690-DC37-46AD-AE52-710028F17034}.Release|ARM.Build.0 = Release|Any CPU
		{E7FE6690-DC37-46AD-AE52-710028F17034}.Release|ARM64.ActiveCfg = Release|Any CPU
		{E7FE6690-DC37-46AD-AE52-710028F17034}.Release|ARM64.Build.0 = Release|Any CPU
		{E7FE6690-DC37-46AD-AE52-710028F17034}.Release|iPhone.ActiveCfg = Release|Any CPU
		{E7FE6690-DC37-46AD-AE52-710028F17034}.Release|iPhone.Build.0 = Release|Any CPU
		{E7FE6690-DC37-46AD-AE52-710028F17034}.Release|iPhoneSimulator.ActiveCfg = Release|Any CPU
		{E7FE6690-DC37-46AD-AE52-710028F17034}.Release|iPhoneSimulator.Build.0 = Release|Any CPU
		{E7FE6690-DC37-46AD-AE52-710028F17034}.Release|x64.ActiveCfg = Release|Any CPU
		{E7FE6690-DC37-46AD-AE52-710028F17034}.Release|x64.Build.0 = Release|Any CPU
		{E7FE6690-DC37-46AD-AE52-710028F17034}.Release|x86.ActiveCfg = Release|Any CPU
		{E7FE6690-DC37-46AD-AE52-710028F17034}.Release|x86.Build.0 = Release|Any CPU
		{B97A8C94-E717-4219-985E-26063CAE2F86}.Ad-Hoc|Any CPU.ActiveCfg = Debug|x86
		{B97A8C94-E717-4219-985E-26063CAE2F86}.Ad-Hoc|Any CPU.Build.0 = Debug|x86
		{B97A8C94-E717-4219-985E-26063CAE2F86}.Ad-Hoc|Any CPU.Deploy.0 = Debug|x86
		{B97A8C94-E717-4219-985E-26063CAE2F86}.Ad-Hoc|ARM.ActiveCfg = Debug|ARM
		{B97A8C94-E717-4219-985E-26063CAE2F86}.Ad-Hoc|ARM.Build.0 = Debug|ARM
		{B97A8C94-E717-4219-985E-26063CAE2F86}.Ad-Hoc|ARM.Deploy.0 = Debug|ARM
		{B97A8C94-E717-4219-985E-26063CAE2F86}.Ad-Hoc|ARM64.ActiveCfg = Debug|ARM64
		{B97A8C94-E717-4219-985E-26063CAE2F86}.Ad-Hoc|ARM64.Build.0 = Debug|ARM64
		{B97A8C94-E717-4219-985E-26063CAE2F86}.Ad-Hoc|ARM64.Deploy.0 = Debug|ARM64
		{B97A8C94-E717-4219-985E-26063CAE2F86}.Ad-Hoc|iPhone.ActiveCfg = Debug|x86
		{B97A8C94-E717-4219-985E-26063CAE2F86}.Ad-Hoc|iPhone.Build.0 = Debug|x86
		{B97A8C94-E717-4219-985E-26063CAE2F86}.Ad-Hoc|iPhone.Deploy.0 = Debug|x86
		{B97A8C94-E717-4219-985E-26063CAE2F86}.Ad-Hoc|iPhoneSimulator.ActiveCfg = Debug|x86
		{B97A8C94-E717-4219-985E-26063CAE2F86}.Ad-Hoc|iPhoneSimulator.Build.0 = Debug|x86
		{B97A8C94-E717-4219-985E-26063CAE2F86}.Ad-Hoc|iPhoneSimulator.Deploy.0 = Debug|x86
		{B97A8C94-E717-4219-985E-26063CAE2F86}.Ad-Hoc|x64.ActiveCfg = Debug|x64
		{B97A8C94-E717-4219-985E-26063CAE2F86}.Ad-Hoc|x64.Build.0 = Debug|x64
		{B97A8C94-E717-4219-985E-26063CAE2F86}.Ad-Hoc|x64.Deploy.0 = Debug|x64
		{B97A8C94-E717-4219-985E-26063CAE2F86}.Ad-Hoc|x86.ActiveCfg = Debug|x86
		{B97A8C94-E717-4219-985E-26063CAE2F86}.Ad-Hoc|x86.Build.0 = Debug|x86
		{B97A8C94-E717-4219-985E-26063CAE2F86}.Ad-Hoc|x86.Deploy.0 = Debug|x86
		{B97A8C94-E717-4219-985E-26063CAE2F86}.AppStore|Any CPU.ActiveCfg = Debug|x86
		{B97A8C94-E717-4219-985E-26063CAE2F86}.AppStore|Any CPU.Build.0 = Debug|x86
		{B97A8C94-E717-4219-985E-26063CAE2F86}.AppStore|Any CPU.Deploy.0 = Debug|x86
		{B97A8C94-E717-4219-985E-26063CAE2F86}.AppStore|ARM.ActiveCfg = Debug|ARM
		{B97A8C94-E717-4219-985E-26063CAE2F86}.AppStore|ARM.Build.0 = Debug|ARM
		{B97A8C94-E717-4219-985E-26063CAE2F86}.AppStore|ARM.Deploy.0 = Debug|ARM
		{B97A8C94-E717-4219-985E-26063CAE2F86}.AppStore|ARM64.ActiveCfg = Debug|ARM64
		{B97A8C94-E717-4219-985E-26063CAE2F86}.AppStore|ARM64.Build.0 = Debug|ARM64
		{B97A8C94-E717-4219-985E-26063CAE2F86}.AppStore|ARM64.Deploy.0 = Debug|ARM64
		{B97A8C94-E717-4219-985E-26063CAE2F86}.AppStore|iPhone.ActiveCfg = Debug|x86
		{B97A8C94-E717-4219-985E-26063CAE2F86}.AppStore|iPhone.Build.0 = Debug|x86
		{B97A8C94-E717-4219-985E-26063CAE2F86}.AppStore|iPhone.Deploy.0 = Debug|x86
		{B97A8C94-E717-4219-985E-26063CAE2F86}.AppStore|iPhoneSimulator.ActiveCfg = Debug|x86
		{B97A8C94-E717-4219-985E-26063CAE2F86}.AppStore|iPhoneSimulator.Build.0 = Debug|x86
		{B97A8C94-E717-4219-985E-26063CAE2F86}.AppStore|iPhoneSimulator.Deploy.0 = Debug|x86
		{B97A8C94-E717-4219-985E-26063CAE2F86}.AppStore|x64.ActiveCfg = Debug|x64
		{B97A8C94-E717-4219-985E-26063CAE2F86}.AppStore|x64.Build.0 = Debug|x64
		{B97A8C94-E717-4219-985E-26063CAE2F86}.AppStore|x64.Deploy.0 = Debug|x64
		{B97A8C94-E717-4219-985E-26063CAE2F86}.AppStore|x86.ActiveCfg = Debug|x86
		{B97A8C94-E717-4219-985E-26063CAE2F86}.AppStore|x86.Build.0 = Debug|x86
		{B97A8C94-E717-4219-985E-26063CAE2F86}.AppStore|x86.Deploy.0 = Debug|x86
		{B97A8C94-E717-4219-985E-26063CAE2F86}.Debug|Any CPU.ActiveCfg = Debug|x86
		{B97A8C94-E717-4219-985E-26063CAE2F86}.Debug|ARM.ActiveCfg = Debug|ARM
		{B97A8C94-E717-4219-985E-26063CAE2F86}.Debug|ARM.Build.0 = Debug|ARM
		{B97A8C94-E717-4219-985E-26063CAE2F86}.Debug|ARM.Deploy.0 = Debug|ARM
		{B97A8C94-E717-4219-985E-26063CAE2F86}.Debug|ARM64.ActiveCfg = Debug|ARM64
		{B97A8C94-E717-4219-985E-26063CAE2F86}.Debug|ARM64.Build.0 = Debug|ARM64
		{B97A8C94-E717-4219-985E-26063CAE2F86}.Debug|ARM64.Deploy.0 = Debug|ARM64
		{B97A8C94-E717-4219-985E-26063CAE2F86}.Debug|iPhone.ActiveCfg = Debug|x86
		{B97A8C94-E717-4219-985E-26063CAE2F86}.Debug|iPhone.Build.0 = Debug|x86
		{B97A8C94-E717-4219-985E-26063CAE2F86}.Debug|iPhone.Deploy.0 = Debug|x86
		{B97A8C94-E717-4219-985E-26063CAE2F86}.Debug|iPhoneSimulator.ActiveCfg = Debug|x86
		{B97A8C94-E717-4219-985E-26063CAE2F86}.Debug|x64.ActiveCfg = Debug|x64
		{B97A8C94-E717-4219-985E-26063CAE2F86}.Debug|x64.Build.0 = Debug|x64
		{B97A8C94-E717-4219-985E-26063CAE2F86}.Debug|x64.Deploy.0 = Debug|x64
		{B97A8C94-E717-4219-985E-26063CAE2F86}.Debug|x86.ActiveCfg = Debug|x86
		{B97A8C94-E717-4219-985E-26063CAE2F86}.Debug|x86.Build.0 = Debug|x86
		{B97A8C94-E717-4219-985E-26063CAE2F86}.Debug|x86.Deploy.0 = Debug|x86
		{B97A8C94-E717-4219-985E-26063CAE2F86}.Gorilla|Any CPU.ActiveCfg = Debug|x86
		{B97A8C94-E717-4219-985E-26063CAE2F86}.Gorilla|Any CPU.Build.0 = Debug|x86
		{B97A8C94-E717-4219-985E-26063CAE2F86}.Gorilla|Any CPU.Deploy.0 = Debug|x86
		{B97A8C94-E717-4219-985E-26063CAE2F86}.Gorilla|ARM.ActiveCfg = Debug|ARM
		{B97A8C94-E717-4219-985E-26063CAE2F86}.Gorilla|ARM.Build.0 = Debug|ARM
		{B97A8C94-E717-4219-985E-26063CAE2F86}.Gorilla|ARM.Deploy.0 = Debug|ARM
		{B97A8C94-E717-4219-985E-26063CAE2F86}.Gorilla|ARM64.ActiveCfg = Debug|ARM64
		{B97A8C94-E717-4219-985E-26063CAE2F86}.Gorilla|ARM64.Build.0 = Debug|ARM64
		{B97A8C94-E717-4219-985E-26063CAE2F86}.Gorilla|ARM64.Deploy.0 = Debug|ARM64
		{B97A8C94-E717-4219-985E-26063CAE2F86}.Gorilla|iPhone.ActiveCfg = Debug|x86
		{B97A8C94-E717-4219-985E-26063CAE2F86}.Gorilla|iPhone.Build.0 = Debug|x86
		{B97A8C94-E717-4219-985E-26063CAE2F86}.Gorilla|iPhone.Deploy.0 = Debug|x86
		{B97A8C94-E717-4219-985E-26063CAE2F86}.Gorilla|iPhoneSimulator.ActiveCfg = Debug|x86
		{B97A8C94-E717-4219-985E-26063CAE2F86}.Gorilla|iPhoneSimulator.Build.0 = Debug|x86
		{B97A8C94-E717-4219-985E-26063CAE2F86}.Gorilla|iPhoneSimulator.Deploy.0 = Debug|x86
		{B97A8C94-E717-4219-985E-26063CAE2F86}.Gorilla|x64.ActiveCfg = Debug|x64
		{B97A8C94-E717-4219-985E-26063CAE2F86}.Gorilla|x64.Build.0 = Debug|x64
		{B97A8C94-E717-4219-985E-26063CAE2F86}.Gorilla|x64.Deploy.0 = Debug|x64
		{B97A8C94-E717-4219-985E-26063CAE2F86}.Gorilla|x86.ActiveCfg = Debug|x86
		{B97A8C94-E717-4219-985E-26063CAE2F86}.Gorilla|x86.Build.0 = Debug|x86
		{B97A8C94-E717-4219-985E-26063CAE2F86}.Gorilla|x86.Deploy.0 = Debug|x86
		{B97A8C94-E717-4219-985E-26063CAE2F86}.Release|Any CPU.ActiveCfg = Release|x86
		{B97A8C94-E717-4219-985E-26063CAE2F86}.Release|ARM.ActiveCfg = Release|ARM
		{B97A8C94-E717-4219-985E-26063CAE2F86}.Release|ARM.Build.0 = Release|ARM
		{B97A8C94-E717-4219-985E-26063CAE2F86}.Release|ARM.Deploy.0 = Release|ARM
		{B97A8C94-E717-4219-985E-26063CAE2F86}.Release|ARM64.ActiveCfg = Release|ARM64
		{B97A8C94-E717-4219-985E-26063CAE2F86}.Release|ARM64.Build.0 = Release|ARM64
		{B97A8C94-E717-4219-985E-26063CAE2F86}.Release|ARM64.Deploy.0 = Release|ARM64
		{B97A8C94-E717-4219-985E-26063CAE2F86}.Release|iPhone.ActiveCfg = Release|x86
		{B97A8C94-E717-4219-985E-26063CAE2F86}.Release|iPhoneSimulator.ActiveCfg = Release|x86
		{B97A8C94-E717-4219-985E-26063CAE2F86}.Release|x64.ActiveCfg = Release|x64
		{B97A8C94-E717-4219-985E-26063CAE2F86}.Release|x64.Build.0 = Release|x64
		{B97A8C94-E717-4219-985E-26063CAE2F86}.Release|x64.Deploy.0 = Release|x64
		{B97A8C94-E717-4219-985E-26063CAE2F86}.Release|x86.ActiveCfg = Release|x86
		{B97A8C94-E717-4219-985E-26063CAE2F86}.Release|x86.Build.0 = Release|x86
		{B97A8C94-E717-4219-985E-26063CAE2F86}.Release|x86.Deploy.0 = Release|x86
		{A7485FEE-0EBD-4C30-A4F2-ED0E323D6B51}.Ad-Hoc|Any CPU.ActiveCfg = Debug|Any CPU
		{A7485FEE-0EBD-4C30-A4F2-ED0E323D6B51}.Ad-Hoc|Any CPU.Build.0 = Debug|Any CPU
		{A7485FEE-0EBD-4C30-A4F2-ED0E323D6B51}.Ad-Hoc|ARM.ActiveCfg = Debug|Any CPU
		{A7485FEE-0EBD-4C30-A4F2-ED0E323D6B51}.Ad-Hoc|ARM.Build.0 = Debug|Any CPU
		{A7485FEE-0EBD-4C30-A4F2-ED0E323D6B51}.Ad-Hoc|ARM64.ActiveCfg = Debug|Any CPU
		{A7485FEE-0EBD-4C30-A4F2-ED0E323D6B51}.Ad-Hoc|ARM64.Build.0 = Debug|Any CPU
		{A7485FEE-0EBD-4C30-A4F2-ED0E323D6B51}.Ad-Hoc|iPhone.ActiveCfg = Debug|Any CPU
		{A7485FEE-0EBD-4C30-A4F2-ED0E323D6B51}.Ad-Hoc|iPhone.Build.0 = Debug|Any CPU
		{A7485FEE-0EBD-4C30-A4F2-ED0E323D6B51}.Ad-Hoc|iPhoneSimulator.ActiveCfg = Debug|Any CPU
		{A7485FEE-0EBD-4C30-A4F2-ED0E323D6B51}.Ad-Hoc|iPhoneSimulator.Build.0 = Debug|Any CPU
		{A7485FEE-0EBD-4C30-A4F2-ED0E323D6B51}.Ad-Hoc|x64.ActiveCfg = Debug|Any CPU
		{A7485FEE-0EBD-4C30-A4F2-ED0E323D6B51}.Ad-Hoc|x64.Build.0 = Debug|Any CPU
		{A7485FEE-0EBD-4C30-A4F2-ED0E323D6B51}.Ad-Hoc|x86.ActiveCfg = Debug|Any CPU
		{A7485FEE-0EBD-4C30-A4F2-ED0E323D6B51}.Ad-Hoc|x86.Build.0 = Debug|Any CPU
		{A7485FEE-0EBD-4C30-A4F2-ED0E323D6B51}.AppStore|Any CPU.ActiveCfg = Debug|Any CPU
		{A7485FEE-0EBD-4C30-A4F2-ED0E323D6B51}.AppStore|Any CPU.Build.0 = Debug|Any CPU
		{A7485FEE-0EBD-4C30-A4F2-ED0E323D6B51}.AppStore|ARM.ActiveCfg = Debug|Any CPU
		{A7485FEE-0EBD-4C30-A4F2-ED0E323D6B51}.AppStore|ARM.Build.0 = Debug|Any CPU
		{A7485FEE-0EBD-4C30-A4F2-ED0E323D6B51}.AppStore|ARM64.ActiveCfg = Debug|Any CPU
		{A7485FEE-0EBD-4C30-A4F2-ED0E323D6B51}.AppStore|ARM64.Build.0 = Debug|Any CPU
		{A7485FEE-0EBD-4C30-A4F2-ED0E323D6B51}.AppStore|iPhone.ActiveCfg = Debug|Any CPU
		{A7485FEE-0EBD-4C30-A4F2-ED0E323D6B51}.AppStore|iPhone.Build.0 = Debug|Any CPU
		{A7485FEE-0EBD-4C30-A4F2-ED0E323D6B51}.AppStore|iPhoneSimulator.ActiveCfg = Debug|Any CPU
		{A7485FEE-0EBD-4C30-A4F2-ED0E323D6B51}.AppStore|iPhoneSimulator.Build.0 = Debug|Any CPU
		{A7485FEE-0EBD-4C30-A4F2-ED0E323D6B51}.AppStore|x64.ActiveCfg = Debug|Any CPU
		{A7485FEE-0EBD-4C30-A4F2-ED0E323D6B51}.AppStore|x64.Build.0 = Debug|Any CPU
		{A7485FEE-0EBD-4C30-A4F2-ED0E323D6B51}.AppStore|x86.ActiveCfg = Debug|Any CPU
		{A7485FEE-0EBD-4C30-A4F2-ED0E323D6B51}.AppStore|x86.Build.0 = Debug|Any CPU
		{A7485FEE-0EBD-4C30-A4F2-ED0E323D6B51}.Debug|Any CPU.ActiveCfg = Debug|Any CPU
		{A7485FEE-0EBD-4C30-A4F2-ED0E323D6B51}.Debug|Any CPU.Build.0 = Debug|Any CPU
		{A7485FEE-0EBD-4C30-A4F2-ED0E323D6B51}.Debug|ARM.ActiveCfg = Debug|Any CPU
		{A7485FEE-0EBD-4C30-A4F2-ED0E323D6B51}.Debug|ARM.Build.0 = Debug|Any CPU
		{A7485FEE-0EBD-4C30-A4F2-ED0E323D6B51}.Debug|ARM64.ActiveCfg = Debug|Any CPU
		{A7485FEE-0EBD-4C30-A4F2-ED0E323D6B51}.Debug|ARM64.Build.0 = Debug|Any CPU
		{A7485FEE-0EBD-4C30-A4F2-ED0E323D6B51}.Debug|iPhone.ActiveCfg = Debug|Any CPU
		{A7485FEE-0EBD-4C30-A4F2-ED0E323D6B51}.Debug|iPhone.Build.0 = Debug|Any CPU
		{A7485FEE-0EBD-4C30-A4F2-ED0E323D6B51}.Debug|iPhoneSimulator.ActiveCfg = Debug|Any CPU
		{A7485FEE-0EBD-4C30-A4F2-ED0E323D6B51}.Debug|iPhoneSimulator.Build.0 = Debug|Any CPU
		{A7485FEE-0EBD-4C30-A4F2-ED0E323D6B51}.Debug|x64.ActiveCfg = Debug|Any CPU
		{A7485FEE-0EBD-4C30-A4F2-ED0E323D6B51}.Debug|x64.Build.0 = Debug|Any CPU
		{A7485FEE-0EBD-4C30-A4F2-ED0E323D6B51}.Debug|x86.ActiveCfg = Debug|Any CPU
		{A7485FEE-0EBD-4C30-A4F2-ED0E323D6B51}.Debug|x86.Build.0 = Debug|Any CPU
		{A7485FEE-0EBD-4C30-A4F2-ED0E323D6B51}.Gorilla|Any CPU.ActiveCfg = Debug|Any CPU
		{A7485FEE-0EBD-4C30-A4F2-ED0E323D6B51}.Gorilla|Any CPU.Build.0 = Debug|Any CPU
		{A7485FEE-0EBD-4C30-A4F2-ED0E323D6B51}.Gorilla|ARM.ActiveCfg = Debug|Any CPU
		{A7485FEE-0EBD-4C30-A4F2-ED0E323D6B51}.Gorilla|ARM.Build.0 = Debug|Any CPU
		{A7485FEE-0EBD-4C30-A4F2-ED0E323D6B51}.Gorilla|ARM64.ActiveCfg = Debug|Any CPU
		{A7485FEE-0EBD-4C30-A4F2-ED0E323D6B51}.Gorilla|ARM64.Build.0 = Debug|Any CPU
		{A7485FEE-0EBD-4C30-A4F2-ED0E323D6B51}.Gorilla|iPhone.ActiveCfg = Debug|Any CPU
		{A7485FEE-0EBD-4C30-A4F2-ED0E323D6B51}.Gorilla|iPhone.Build.0 = Debug|Any CPU
		{A7485FEE-0EBD-4C30-A4F2-ED0E323D6B51}.Gorilla|iPhoneSimulator.ActiveCfg = Debug|Any CPU
		{A7485FEE-0EBD-4C30-A4F2-ED0E323D6B51}.Gorilla|iPhoneSimulator.Build.0 = Debug|Any CPU
		{A7485FEE-0EBD-4C30-A4F2-ED0E323D6B51}.Gorilla|x64.ActiveCfg = Debug|Any CPU
		{A7485FEE-0EBD-4C30-A4F2-ED0E323D6B51}.Gorilla|x64.Build.0 = Debug|Any CPU
		{A7485FEE-0EBD-4C30-A4F2-ED0E323D6B51}.Gorilla|x86.ActiveCfg = Debug|Any CPU
		{A7485FEE-0EBD-4C30-A4F2-ED0E323D6B51}.Gorilla|x86.Build.0 = Debug|Any CPU
		{A7485FEE-0EBD-4C30-A4F2-ED0E323D6B51}.Release|Any CPU.ActiveCfg = Release|Any CPU
		{A7485FEE-0EBD-4C30-A4F2-ED0E323D6B51}.Release|Any CPU.Build.0 = Release|Any CPU
		{A7485FEE-0EBD-4C30-A4F2-ED0E323D6B51}.Release|ARM.ActiveCfg = Release|Any CPU
		{A7485FEE-0EBD-4C30-A4F2-ED0E323D6B51}.Release|ARM.Build.0 = Release|Any CPU
		{A7485FEE-0EBD-4C30-A4F2-ED0E323D6B51}.Release|ARM64.ActiveCfg = Release|Any CPU
		{A7485FEE-0EBD-4C30-A4F2-ED0E323D6B51}.Release|ARM64.Build.0 = Release|Any CPU
		{A7485FEE-0EBD-4C30-A4F2-ED0E323D6B51}.Release|iPhone.ActiveCfg = Release|Any CPU
		{A7485FEE-0EBD-4C30-A4F2-ED0E323D6B51}.Release|iPhone.Build.0 = Release|Any CPU
		{A7485FEE-0EBD-4C30-A4F2-ED0E323D6B51}.Release|iPhoneSimulator.ActiveCfg = Release|Any CPU
		{A7485FEE-0EBD-4C30-A4F2-ED0E323D6B51}.Release|iPhoneSimulator.Build.0 = Release|Any CPU
		{A7485FEE-0EBD-4C30-A4F2-ED0E323D6B51}.Release|x64.ActiveCfg = Release|Any CPU
		{A7485FEE-0EBD-4C30-A4F2-ED0E323D6B51}.Release|x64.Build.0 = Release|Any CPU
		{A7485FEE-0EBD-4C30-A4F2-ED0E323D6B51}.Release|x86.ActiveCfg = Release|Any CPU
		{A7485FEE-0EBD-4C30-A4F2-ED0E323D6B51}.Release|x86.Build.0 = Release|Any CPU
	EndGlobalSection
	GlobalSection(SolutionProperties) = preSolution
		HideSolutionNode = FALSE
	EndGlobalSection
	GlobalSection(ExtensibilityGlobals) = postSolution
		SolutionGuid = {0EABE5EB-BBF0-4FFC-B518-3D38B6D23919}
	EndGlobalSection
EndGlobal
